
Microsoft Visual Studio Solution File, Format Version 12.00
# Visual Studio Version 16
VisualStudioVersion = 16.0.31911.196
MinimumVisualStudioVersion = 10.0.40219.1
Project("{FAE04EC0-301F-11D3-BF4B-00C04F79EFBC}") = "Chess", "Chess.csproj", "{7FA540BA-C81F-43F1-8756-F7132A7CEC0B}"
EndProject
Global
	GlobalSection(SolutionConfigurationPlatforms) = preSolution
		Debug|Any CPU = Debug|Any CPU
		Release|Any CPU = Release|Any CPU
	EndGlobalSection
	GlobalSection(ProjectConfigurationPlatforms) = postSolution
		{7FA540BA-C81F-43F1-8756-F7132A7CEC0B}.Debug|Any CPU.ActiveCfg = Debug|Any CPU
		{7FA540BA-C81F-43F1-8756-F7132A7CEC0B}.Debug|Any CPU.Build.0 = Debug|Any CPU
		{7FA540BA-C81F-43F1-8756-F7132A7CEC0B}.Release|Any CPU.ActiveCfg = Release|Any CPU
		{7FA540BA-C81F-43F1-8756-F7132A7CEC0B}.Release|Any CPU.Build.0 = Release|Any CPU
	EndGlobalSection
	GlobalSection(SolutionProperties) = preSolution
		HideSolutionNode = FALSE
	EndGlobalSection
	GlobalSection(ExtensibilityGlobals) = postSolution
		SolutionGuid = {50410338-CF0C-4467-8F0D-9DF1C61F0B12}
	EndGlobalSection
EndGlobal
